
Microsoft Visual Studio Solution File, Format Version 12.00
# Visual Studio 14
VisualStudioVersion = 14.0.22310.1
MinimumVisualStudioVersion = 10.0.40219.1
Project("{2150E333-8FDC-42A3-9474-1A3956D46DE8}") = "Engine", "Engine", "{F827A8FB-77C7-45FA-8A1B-5A9F9362E8B3}"
EndProject
Project("{2150E333-8FDC-42A3-9474-1A3956D46DE8}") = "Games", "Games", "{026DA700-9A54-4A27-B323-E164CF55B0DD}"
EndProject
Project("{8BC9CEB8-8B4A-11D0-8D11-00A0C91BC942}") = "UE4", "Intermediate\ProjectFiles\UE4.vcxproj", "{7139FAC1-5C83-41E5-978E-3112A08EADF4}"
EndProject
Project("{8BC9CEB8-8B4A-11D0-8D11-00A0C91BC942}") = "BuildingEscape", "Intermediate\ProjectFiles\BuildingEscape.vcxproj", "{ACC18402-A822-4D45-90C8-FA2A5BE6659E}"
EndProject
Global
	GlobalSection(SolutionConfigurationPlatforms) = preSolution
		DebugGame Editor|HTML5 = DebugGame Editor|HTML5
		DebugGame Editor|Win32 = DebugGame Editor|Win32
		DebugGame Editor|Win64 = DebugGame Editor|Win64
		DebugGame|HTML5 = DebugGame|HTML5
		DebugGame|Win32 = DebugGame|Win32
		DebugGame|Win64 = DebugGame|Win64
		Development Editor|HTML5 = Development Editor|HTML5
		Development Editor|Win32 = Development Editor|Win32
		Development Editor|Win64 = Development Editor|Win64
		Development|HTML5 = Development|HTML5
		Development|Win32 = Development|Win32
		Development|Win64 = Development|Win64
		Shipping|HTML5 = Shipping|HTML5
		Shipping|Win32 = Shipping|Win32
		Shipping|Win64 = Shipping|Win64
	EndGlobalSection
	GlobalSection(ProjectConfigurationPlatforms) = postSolution
		{ACC18402-A822-4D45-90C8-FA2A5BE6659E}.DebugGame Editor|HTML5.ActiveCfg = HTML5_DebugGame_Editor|Win32
		{ACC18402-A822-4D45-90C8-FA2A5BE6659E}.DebugGame Editor|Win32.ActiveCfg = DebugGame_Editor|Win32
		{ACC18402-A822-4D45-90C8-FA2A5BE6659E}.DebugGame Editor|Win64.ActiveCfg = DebugGame_Editor|x64
		{ACC18402-A822-4D45-90C8-FA2A5BE6659E}.DebugGame Editor|Win64.Build.0 = DebugGame_Editor|x64
		{ACC18402-A822-4D45-90C8-FA2A5BE6659E}.DebugGame|HTML5.ActiveCfg = HTML5_DebugGame_Game|Win32
		{ACC18402-A822-4D45-90C8-FA2A5BE6659E}.DebugGame|HTML5.Build.0 = HTML5_DebugGame_Game|Win32
		{ACC18402-A822-4D45-90C8-FA2A5BE6659E}.DebugGame|Win32.ActiveCfg = DebugGame_Game|Win32
		{ACC18402-A822-4D45-90C8-FA2A5BE6659E}.DebugGame|Win32.Build.0 = DebugGame_Game|Win32
		{ACC18402-A822-4D45-90C8-FA2A5BE6659E}.DebugGame|Win64.ActiveCfg = DebugGame_Game|x64
		{ACC18402-A822-4D45-90C8-FA2A5BE6659E}.DebugGame|Win64.Build.0 = DebugGame_Game|x64
		{ACC18402-A822-4D45-90C8-FA2A5BE6659E}.Development Editor|HTML5.ActiveCfg = HTML5_Development_Editor|Win32
		{ACC18402-A822-4D45-90C8-FA2A5BE6659E}.Development Editor|Win32.ActiveCfg = Development_Editor|Win32
		{ACC18402-A822-4D45-90C8-FA2A5BE6659E}.Development Editor|Win64.ActiveCfg = Development_Editor|x64
		{ACC18402-A822-4D45-90C8-FA2A5BE6659E}.Development Editor|Win64.Build.0 = Development_Editor|x64
		{ACC18402-A822-4D45-90C8-FA2A5BE6659E}.Development|HTML5.ActiveCfg = HTML5_Development_Game|Win32
		{ACC18402-A822-4D45-90C8-FA2A5BE6659E}.Development|HTML5.Build.0 = HTML5_Development_Game|Win32
		{ACC18402-A822-4D45-90C8-FA2A5BE6659E}.Development|Win32.ActiveCfg = Development_Game|Win32
		{ACC18402-A822-4D45-90C8-FA2A5BE6659E}.Development|Win32.Build.0 = Development_Game|Win32
		{ACC18402-A822-4D45-90C8-FA2A5BE6659E}.Development|Win64.ActiveCfg = Development_Game|x64
		{ACC18402-A822-4D45-90C8-FA2A5BE6659E}.Development|Win64.Build.0 = Development_Game|x64
		{ACC18402-A822-4D45-90C8-FA2A5BE6659E}.Shipping|HTML5.ActiveCfg = HTML5_Shipping_Game|Win32
		{ACC18402-A822-4D45-90C8-FA2A5BE6659E}.Shipping|HTML5.Build.0 = HTML5_Shipping_Game|Win32
		{ACC18402-A822-4D45-90C8-FA2A5BE6659E}.Shipping|Win32.ActiveCfg = Shipping_Game|Win32
		{ACC18402-A822-4D45-90C8-FA2A5BE6659E}.Shipping|Win32.Build.0 = Shipping_Game|Win32
		{ACC18402-A822-4D45-90C8-FA2A5BE6659E}.Shipping|Win64.ActiveCfg = Shipping_Game|x64
		{ACC18402-A822-4D45-90C8-FA2A5BE6659E}.Shipping|Win64.Build.0 = Shipping_Game|x64
	EndGlobalSection
	GlobalSection(SolutionProperties) = preSolution
		HideSolutionNode = FALSE
	EndGlobalSection
	GlobalSection(NestedProjects) = preSolution
		{7139FAC1-5C83-41E5-978E-3112A08EADF4} = {F827A8FB-77C7-45FA-8A1B-5A9F9362E8B3}
		{ACC18402-A822-4D45-90C8-FA2A5BE6659E} = {026DA700-9A54-4A27-B323-E164CF55B0DD}
	EndGlobalSection
EndGlobal
